<?xml version="1.0" encoding="utf-8"?>
<Project ToolsVersion="4.0" xmlns="http://schemas.microsoft.com/developer/msbuild/2003">
  <ItemGroup>
    <Filter Include="Source Files">
      <UniqueIdentifier>{4FC737F1-C7A5-4376-A066-2A32D752A2FF}</UniqueIdentifier>
      <Extensions>cpp;c;cc;cxx;def;odl;idl;hpj;bat;asm;asmx</Extensions>
    </Filter>
    <Filter Include="Header Files">
      <UniqueIdentifier>{93995380-89BD-4b04-88EB-625FBE52EBFB}</UniqueIdentifier>
      <Extensions>h;hpp;hxx;hm;inl;inc;xsd</Extensions>
    </Filter>
    <Filter Include="Resource Files">
      <UniqueIdentifier>{67DA6AB6-F800-4c08-8B7A-83BB121AAD01}</UniqueIdentifier>
      <Extensions>rc;ico;cur;bmp;dlg;rc2;rct;bin;rgs;gif;jpg;jpeg;jpe;resx;tiff;tif;png;wav;mfcribbon-ms</Extensions>
    </Filter>
  </ItemGroup>
  <ItemGroup>
    <ClCompile Include="Main.cpp">
      <Filter>Source Files</Filter>
    </ClCompile>
    <ClCompile Include="Main_Loop.cpp">
      <Filter>Source Files</Filter>
    </ClCompile>
    <ClCompile Include="Game_Window.cpp">
      <Filter>Source Files</Filter>
    </ClCompile>
    <ClCompile Include="Game_Renderer.cpp">
      <Filter>Source Files</Filter>
    </ClCompile>
    <ClCompile Include="Game_Actor.cpp">
      <Filter>Source Files</Filter>
    </ClCompile>
    <ClCompile Include="Game_Timer.cpp">
      <Filter>Source Files</Filter>
    </ClCompile>
    <ClCompile Include="Dodger_Physics.cpp">
      <Filter>Source Files</Filter>
    </ClCompile>
    <ClCompile Include="Sprite.cpp">
      <Filter>Source Files</Filter>
    </ClCompile>
    <ClCompile Include="Dodger_Input.cpp">
      <Filter>Source Files</Filter>
    </ClCompile>
    <ClCompile Include="Dodger_States.cpp">
      <Filter>Source Files</Filter>
    </ClCompile>
    <ClCompile Include="Doge.cpp">
      <Filter>Source Files</Filter>
    </ClCompile>
    <ClCompile Include="Dodger_Graphics.cpp">
      <Filter>Source Files</Filter>
    </ClCompile>
    <ClCompile Include="Doge_Physics_Big.cpp">
      <Filter>Source Files</Filter>
    </ClCompile>
    <ClCompile Include="Component_Actor_Input.cpp">
      <Filter>Source Files</Filter>
    </ClCompile>
    <ClCompile Include="Attacker_Input.cpp">
      <Filter>Source Files</Filter>
    </ClCompile>
    <ClCompile Include="Menu_Input.cpp">
      <Filter>Source Files</Filter>
    </ClCompile>
    <ClCompile Include="Component_Character_Graphics.cpp">
      <Filter>Source Files</Filter>
    </ClCompile>
    <ClCompile Include="Doge_Graphics.cpp">
      <Filter>Source Files</Filter>
    </ClCompile>
    <ClCompile Include="Attacker_Graphics.cpp">
      <Filter>Source Files</Filter>
    </ClCompile>
    <ClCompile Include="Component_Actor_Physics.cpp">
      <Filter>Source Files</Filter>
    </ClCompile>
    <ClCompile Include="Attacker_Physics.cpp">
      <Filter>Source Files</Filter>
    </ClCompile>
    <ClCompile Include="Component_Doge_Physics.cpp">
      <Filter>Source Files</Filter>
    </ClCompile>
    <ClCompile Include="Game_Collision.cpp">
      <Filter>Source Files</Filter>
    </ClCompile>
    <ClCompile Include="Doge_Handler.cpp">
      <Filter>Source Files</Filter>
    </ClCompile>
    <ClCompile Include="Doge_Physics_Med.cpp">
      <Filter>Source Files</Filter>
    </ClCompile>
    <ClCompile Include="Doge_Physics_Sml.cpp">
      <Filter>Source Files</Filter>
    </ClCompile>
    <ClCompile Include="Doge_Physics_Arr.cpp">
      <Filter>Source Files</Filter>
    </ClCompile>
    <ClCompile Include="Game_Sounds.cpp">
      <Filter>Source Files</Filter>
    </ClCompile>
    <ClCompile Include="Game_Text.cpp">
      <Filter>Source Files</Filter>
    </ClCompile>
    <ClCompile Include="Menu_Handler.cpp">
      <Filter>Source Files</Filter>
    </ClCompile>
    <ClCompile Include="Menu.cpp">
      <Filter>Source Files</Filter>
    </ClCompile>
    <ClCompile Include="Component_Menu_Graphics.cpp">
      <Filter>Source Files</Filter>
    </ClCompile>
    <ClCompile Include="Main_Menu_Graphics.cpp">
      <Filter>Source Files</Filter>
    </ClCompile>
    <ClCompile Include="Options_Menu_Graphics.cpp">
      <Filter>Source Files</Filter>
    </ClCompile>
    <ClCompile Include="Player_Select_Graphics.cpp">
      <Filter>Source Files</Filter>
    </ClCompile>
    <ClCompile Include="High_Score_Graphics.cpp">
      <Filter>Source Files</Filter>
    </ClCompile>
    <ClCompile Include="How2Play_Graphics.cpp">
      <Filter>Source Files</Filter>
    </ClCompile>
  </ItemGroup>
  <ItemGroup>
    <ClInclude Include="Main_Loop.h">
      <Filter>Header Files</Filter>
    </ClInclude>
    <ClInclude Include="Component_Graphics.h">
      <Filter>Header Files</Filter>
    </ClInclude>
    <ClInclude Include="Component_Input.h">
      <Filter>Header Files</Filter>
    </ClInclude>
    <ClInclude Include="Component_Actor_State.h">
      <Filter>Header Files</Filter>
    </ClInclude>
    <ClInclude Include="resource.h">
      <Filter>Header Files</Filter>
    </ClInclude>
    <ClInclude Include="Game_Window.h">
      <Filter>Header Files</Filter>
    </ClInclude>
    <ClInclude Include="Game_Renderer.h">
      <Filter>Header Files</Filter>
    </ClInclude>
    <ClInclude Include="Game_Actor.h">
      <Filter>Header Files</Filter>
    </ClInclude>
    <ClInclude Include="Game_Timer.h">
      <Filter>Header Files</Filter>
    </ClInclude>
    <ClInclude Include="Component_Physics.h">
      <Filter>Header Files</Filter>
    </ClInclude>
    <ClInclude Include="Dodger_Physics.h">
      <Filter>Header Files</Filter>
    </ClInclude>
    <ClInclude Include="Sprite.h">
      <Filter>Header Files</Filter>
    </ClInclude>
    <ClInclude Include="Dodger_Input.h">
      <Filter>Header Files</Filter>
    </ClInclude>
    <ClInclude Include="Dodger_States.h">
      <Filter>Header Files</Filter>
    </ClInclude>
    <ClInclude Include="Doge.h">
      <Filter>Header Files</Filter>
    </ClInclude>
    <ClInclude Include="Dodger_Graphics.h">
      <Filter>Header Files</Filter>
    </ClInclude>
    <ClInclude Include="Doge_Physics_Big.h">
      <Filter>Header Files</Filter>
    </ClInclude>
    <ClInclude Include="Component_Actor_Input.h">
      <Filter>Header Files</Filter>
    </ClInclude>
    <ClInclude Include="Attacker_Input.h">
      <Filter>Header Files</Filter>
    </ClInclude>
    <ClInclude Include="Menu_Input.h">
      <Filter>Header Files</Filter>
    </ClInclude>
    <ClInclude Include="Component_Character_Graphics.h">
      <Filter>Header Files</Filter>
    </ClInclude>
    <ClInclude Include="Doge_Graphics.h">
      <Filter>Header Files</Filter>
    </ClInclude>
    <ClInclude Include="Attacker_Graphics.h">
      <Filter>Header Files</Filter>
    </ClInclude>
    <ClInclude Include="Component_Actor_Physics.h">
      <Filter>Header Files</Filter>
    </ClInclude>
    <ClInclude Include="Attacker_Physics.h">
      <Filter>Header Files</Filter>
    </ClInclude>
    <ClInclude Include="Component_Doge_Physics.h">
      <Filter>Header Files</Filter>
    </ClInclude>
    <ClInclude Include="Game_Collision.h">
      <Filter>Header Files</Filter>
    </ClInclude>
    <ClInclude Include="Doge_Handler.h">
      <Filter>Header Files</Filter>
    </ClInclude>
    <ClInclude Include="Doge_Physics_Med.h">
      <Filter>Header Files</Filter>
    </ClInclude>
    <ClInclude Include="Doge_Physics_Sml.h">
      <Filter>Header Files</Filter>
    </ClInclude>
    <ClInclude Include="Doge_Physics_Arr.h">
      <Filter>Header Files</Filter>
    </ClInclude>
    <ClInclude Include="Game_Sounds.h">
      <Filter>Header Files</Filter>
    </ClInclude>
    <ClInclude Include="Game_Text.h">
      <Filter>Header Files</Filter>
    </ClInclude>
    <ClInclude Include="Menu_Handler.h">
      <Filter>Header Files</Filter>
    </ClInclude>
    <ClInclude Include="Menu.h">
      <Filter>Header Files</Filter>
    </ClInclude>
    <ClInclude Include="Component_Menu_Graphics.h">
      <Filter>Header Files</Filter>
    </ClInclude>
    <ClInclude Include="Main_Menu_Graphics.h">
      <Filter>Header Files</Filter>
    </ClInclude>
    <ClInclude Include="Options_Menu_Graphics.h">
      <Filter>Header Files</Filter>
    </ClInclude>
    <ClInclude Include="Player_Select_Graphics.h">
      <Filter>Header Files</Filter>
    </ClInclude>
    <ClInclude Include="High_Score_Graphics.h">
      <Filter>Header Files</Filter>
    </ClInclude>
    <ClInclude Include="How2Play_Graphics.h">
      <Filter>Header Files</Filter>
    </ClInclude>
  </ItemGroup>
  <ItemGroup>
    <ResourceCompile Include="Dogeball.rc">
      <Filter>Resource Files</Filter>
    </ResourceCompile>
  </ItemGroup>
  <ItemGroup>
    <Text Include="Coding_Conventions.txt" />
  </ItemGroup>
</Project>